
Microsoft Visual Studio Solution File, Format Version 12.00
# Visual Studio Version 17
VisualStudioVersion = 17.4.33122.133
MinimumVisualStudioVersion = 10.0.40219.1
Project("{FAE04EC0-301F-11D3-BF4B-00C04F79EFBC}") = "lab2(1)", "lab2(1).csproj", "{03DE3D26-8196-48FF-8FCD-D9648AA48DDD}"
EndProject
Global
	GlobalSection(SolutionConfigurationPlatforms) = preSolution
		Debug|Any CPU = Debug|Any CPU
		Release|Any CPU = Release|Any CPU
	EndGlobalSection
	GlobalSection(ProjectConfigurationPlatforms) = postSolution
		{03DE3D26-8196-48FF-8FCD-D9648AA48DDD}.Debug|Any CPU.ActiveCfg = Debug|Any CPU
		{03DE3D26-8196-48FF-8FCD-D9648AA48DDD}.Debug|Any CPU.Build.0 = Debug|Any CPU
		{03DE3D26-8196-48FF-8FCD-D9648AA48DDD}.Release|Any CPU.ActiveCfg = Release|Any CPU
		{03DE3D26-8196-48FF-8FCD-D9648AA48DDD}.Release|Any CPU.Build.0 = Release|Any CPU
	EndGlobalSection
	GlobalSection(SolutionProperties) = preSolution
		HideSolutionNode = FALSE
	EndGlobalSection
	GlobalSection(ExtensibilityGlobals) = postSolution
		SolutionGuid = {99A315BB-7C3D-43C1-8662-1D8AE26A56DF}
	EndGlobalSection
EndGlobal
